<?xml version="1.0" encoding="utf-8"?>
<Project ToolsVersion="4.0" xmlns="http://schemas.microsoft.com/developer/msbuild/2003">
  <ItemGroup>
    <Filter Include="Source Files">
      <UniqueIdentifier>{4FC737F1-C7A5-4376-A066-2A32D752A2FF}</UniqueIdentifier>
      <Extensions>cpp;c;cc;cxx;c++;cppm;ixx;def;odl;idl;hpj;bat;asm;asmx</Extensions>
    </Filter>
    <Filter Include="Header Files">
      <UniqueIdentifier>{93995380-89BD-4b04-88EB-625FBE52EBFB}</UniqueIdentifier>
      <Extensions>h;hh;hpp;hxx;h++;hm;inl;inc;ipp;xsd</Extensions>
    </Filter>
    <Filter Include="Resource Files">
      <UniqueIdentifier>{67DA6AB6-F800-4c08-8B7A-83BB121AAD01}</UniqueIdentifier>
      <Extensions>rc;ico;cur;bmp;dlg;rc2;rct;bin;rgs;gif;jpg;jpeg;jpe;resx;tiff;tif;png;wav;mfcribbon-ms</Extensions>
    </Filter>
    <Filter Include="Black Knife">
      <UniqueIdentifier>{acd81829-20b4-4863-a89e-78bb064b8fc3}</UniqueIdentifier>
    </Filter>
  </ItemGroup>
  <ItemGroup>
    <ClCompile Include="DR music.cpp">
      <Filter>Source Files</Filter>
    </ClCompile>
  </ItemGroup>
  <ItemGroup>
    <None Include="Black Knife\Been There Done That.ogg">
      <Filter>Black Knife</Filter>
    </None>
    <None Include="Black Knife\Everyname.ogg">
      <Filter>Black Knife</Filter>
    </None>
    <None Include="Black Knife\Lumbus Company.ogg">
      <Filter>Black Knife</Filter>
    </None>
    <None Include="Black Knife\Penumbra Phantasm.ogg">
      <Filter>Black Knife</Filter>
    </None>
    <None Include="Black Knife\Some Real Fun.ogg">
      <Filter>Black Knife</Filter>
    </None>
  </ItemGroup>
</Project>